
Microsoft Visual Studio Solution File, Format Version 12.00
# Visual Studio Version 17
VisualStudioVersion = 17.8.34408.163
MinimumVisualStudioVersion = 10.0.40219.1
Project("{FAE04EC0-301F-11D3-BF4B-00C04F79EFBC}") = "ConsoleApp9", "ConsoleApp9\ConsoleApp9.csproj", "{1CE350E3-ED52-4004-9256-1723B4E19FF2}"
EndProject
Global
	GlobalSection(SolutionConfigurationPlatforms) = preSolution
		Debug|Any CPU = Debug|Any CPU
		Release|Any CPU = Release|Any CPU
	EndGlobalSection
	GlobalSection(ProjectConfigurationPlatforms) = postSolution
		{1CE350E3-ED52-4004-9256-1723B4E19FF2}.Debug|Any CPU.ActiveCfg = Debug|Any CPU
		{1CE350E3-ED52-4004-9256-1723B4E19FF2}.Debug|Any CPU.Build.0 = Debug|Any CPU
		{1CE350E3-ED52-4004-9256-1723B4E19FF2}.Release|Any CPU.ActiveCfg = Release|Any CPU
		{1CE350E3-ED52-4004-9256-1723B4E19FF2}.Release|Any CPU.Build.0 = Release|Any CPU
	EndGlobalSection
	GlobalSection(SolutionProperties) = preSolution
		HideSolutionNode = FALSE
	EndGlobalSection
	GlobalSection(ExtensibilityGlobals) = postSolution
		SolutionGuid = {E3E77713-02FC-4854-9A64-016D3B6D8CC0}
	EndGlobalSection
EndGlobal
